
Microsoft Visual Studio Solution File, Format Version 12.00
# Visual Studio Version 17
VisualStudioVersion = 17.12.35527.113 d17.12
MinimumVisualStudioVersion = 10.0.40219.1
Project("{FAE04EC0-301F-11D3-BF4B-00C04F79EFBC}") = "DeExt", "src\DeExt\DeExt.csproj", "{1A94339F-69A1-43DF-BE42-EE25BE80550D}"
EndProject
Project("{FAE04EC0-301F-11D3-BF4B-00C04F79EFBC}") = "DeExtTest", "test\DeExtTest\DeExtTest.csproj", "{29BC8B0B-2214-4622-B56C-EBAC87AFD32E}"
EndProject
Global
	GlobalSection(SolutionConfigurationPlatforms) = preSolution
		Debug|Any CPU = Debug|Any CPU
		Release|Any CPU = Release|Any CPU
	EndGlobalSection
	GlobalSection(ProjectConfigurationPlatforms) = postSolution
		{1A94339F-69A1-43DF-BE42-EE25BE80550D}.Debug|Any CPU.ActiveCfg = Debug|Any CPU
		{1A94339F-69A1-43DF-BE42-EE25BE80550D}.Debug|Any CPU.Build.0 = Debug|Any CPU
		{1A94339F-69A1-43DF-BE42-EE25BE80550D}.Release|Any CPU.ActiveCfg = Release|Any CPU
		{1A94339F-69A1-43DF-BE42-EE25BE80550D}.Release|Any CPU.Build.0 = Release|Any CPU
		{29BC8B0B-2214-4622-B56C-EBAC87AFD32E}.Debug|Any CPU.ActiveCfg = Debug|Any CPU
		{29BC8B0B-2214-4622-B56C-EBAC87AFD32E}.Debug|Any CPU.Build.0 = Debug|Any CPU
		{29BC8B0B-2214-4622-B56C-EBAC87AFD32E}.Release|Any CPU.ActiveCfg = Release|Any CPU
		{29BC8B0B-2214-4622-B56C-EBAC87AFD32E}.Release|Any CPU.Build.0 = Release|Any CPU
	EndGlobalSection
	GlobalSection(SolutionProperties) = preSolution
		HideSolutionNode = FALSE
	EndGlobalSection
EndGlobal
