
Microsoft Visual Studio Solution File, Format Version 12.00
# Visual Studio Version 17
VisualStudioVersion = 17.12.35527.113 d17.12
MinimumVisualStudioVersion = 10.0.40219.1
Project("{FAE04EC0-301F-11D3-BF4B-00C04F79EFBC}") = "DeExtTest", "DeExtTest\DeExtTest.csproj", "{9770D3F0-1C9A-4325-8D47-B4C0C2703597}"
EndProject
Project("{FAE04EC0-301F-11D3-BF4B-00C04F79EFBC}") = "DeExt", "..\..\src\DeExt\DeExt.csproj", "{59149880-4672-43A0-A434-7E5EB31C9BD4}"
EndProject
Global
	GlobalSection(SolutionConfigurationPlatforms) = preSolution
		Debug|Any CPU = Debug|Any CPU
		Release|Any CPU = Release|Any CPU
	EndGlobalSection
	GlobalSection(ProjectConfigurationPlatforms) = postSolution
		{9770D3F0-1C9A-4325-8D47-B4C0C2703597}.Debug|Any CPU.ActiveCfg = Debug|Any CPU
		{9770D3F0-1C9A-4325-8D47-B4C0C2703597}.Debug|Any CPU.Build.0 = Debug|Any CPU
		{9770D3F0-1C9A-4325-8D47-B4C0C2703597}.Release|Any CPU.ActiveCfg = Release|Any CPU
		{9770D3F0-1C9A-4325-8D47-B4C0C2703597}.Release|Any CPU.Build.0 = Release|Any CPU
		{59149880-4672-43A0-A434-7E5EB31C9BD4}.Debug|Any CPU.ActiveCfg = Debug|Any CPU
		{59149880-4672-43A0-A434-7E5EB31C9BD4}.Debug|Any CPU.Build.0 = Debug|Any CPU
		{59149880-4672-43A0-A434-7E5EB31C9BD4}.Release|Any CPU.ActiveCfg = Release|Any CPU
		{59149880-4672-43A0-A434-7E5EB31C9BD4}.Release|Any CPU.Build.0 = Release|Any CPU
	EndGlobalSection
	GlobalSection(SolutionProperties) = preSolution
		HideSolutionNode = FALSE
	EndGlobalSection
EndGlobal
